{
  "version": 1,
  "dkk": "0.9.0",
  "artifacts": {
    ".claude/agents/dkk-domain-reviewer.md": "6966840fab9445b3fb8cf499f2351b92a0009ea75f9e14c53fdf70c9a159318e",
    ".claude/commands/dkk-adr.md": "5ccfbbe66740f43a25e0a5c646bfd39af544ddc07032da82191972594777c7e7",
    ".claude/commands/dkk-feedback-export.md": "30eb394969e4b1368d72eb1c3ee57f8d02a2b285cdbf37e6769feaa46e797609",
    ".claude/commands/dkk-feedback.md": "aa42d4e44e5e2aa2de801aedc14ed42af48e9bfe6d18176fabed96d8826bd686",
    ".claude/commands/dkk-impact.md": "b706d6d1ac0c05d8205f5e86df4e7ef24c7468fc3c0ff40fa1c6108ae0b184b9",
    ".claude/commands/dkk-implement.md": "f3b20e0b556b274d4ebdc633b7f41318080f94e6f506ec6ee41cb6045ccc4738",
    ".claude/commands/dkk-prime.md": "08239acdb8d39e793216856ae63fc4d2f939a2017cecd1a29b34e2b787b29701",
    ".claude/commands/dkk-review.md": "3c768ba92c798d412e200e2eb55a78bae8bfa9d8d5795799058504a94d4c2f65",
    ".claude/commands/dkk-story.md": "d4d2244f6b9803e3d99c8a5c86f0338278f0c73a3a34896bf481b760b2ee8125",
    ".claude/hooks/post-edit-validate.mjs": "43ff560eb39c8415894ba083689dabbf62e9a55a7f3cbcd8a7a6d01857bf9135",
    ".claude/hooks/pre-edit-block-generated.mjs": "fa748f16c6ede09f91e2c72b8d43582faf56965e9cb25418d472a61436b2d36d",
    ".claude/hooks/session-start-prime.mjs": "e57a083ec4c49541a9b3a96d7fde6ff6393bfdd9f67111044274b61899dd0bab",
    ".claude/hooks/stop-validate.mjs": "6ba16228751b74c170d9d4e3dd3e31a668b2d2909804aa0d7bfcb224260b7b23",
    ".claude/skills/dkk-adr-author/SKILL.md": "184ec256759895d0608abd0d14db28af47dcc1e087fa6b304f3b398d89c45539",
    ".claude/skills/dkk-flow-implementer/SKILL.md": "5ef5b0e9af31a8bf008e45c77ee39f17905193697fcce02bdfa2d46eeffbcb69",
    ".claude/skills/dkk-story-analyst/SKILL.md": "f8d444151838f4812aa43d740ae7abd525eb9462846df70b05eff3a917e42765"
  }
}
